
Microsoft Visual Studio Solution File, Format Version 12.00
# Visual Studio 15
VisualStudioVersion = 15.0.27130.2036
MinimumVisualStudioVersion = 10.0.40219.1
Project("{F184B08F-C81C-45F6-A57F-5ABD9991F28F}") = "SCDataManager", "SCDataManager\SCDataManager.vbproj", "{18534707-3EB0-490E-AE50-B02697FCFEAE}"
EndProject
Global
	GlobalSection(SolutionConfigurationPlatforms) = preSolution
		Debug|Any CPU = Debug|Any CPU
		Release|Any CPU = Release|Any CPU
	EndGlobalSection
	GlobalSection(ProjectConfigurationPlatforms) = postSolution
		{18534707-3EB0-490E-AE50-B02697FCFEAE}.Debug|Any CPU.ActiveCfg = Debug|Any CPU
		{18534707-3EB0-490E-AE50-B02697FCFEAE}.Debug|Any CPU.Build.0 = Debug|Any CPU
		{18534707-3EB0-490E-AE50-B02697FCFEAE}.Release|Any CPU.ActiveCfg = Release|Any CPU
		{18534707-3EB0-490E-AE50-B02697FCFEAE}.Release|Any CPU.Build.0 = Release|Any CPU
	EndGlobalSection
	GlobalSection(SolutionProperties) = preSolution
		HideSolutionNode = FALSE
	EndGlobalSection
	GlobalSection(ExtensibilityGlobals) = postSolution
		SolutionGuid = {29E4107F-96FE-4CC7-8E55-58C2D98B85A7}
	EndGlobalSection
EndGlobal
